<?xml version="1.0" encoding="utf-8"?>
<Project ToolsVersion="4.0" xmlns="http://schemas.microsoft.com/developer/msbuild/2003">
  <ItemGroup>
    <Filter Include="Source Files">
      <UniqueIdentifier>{4FC737F1-C7A5-4376-A066-2A32D752A2FF}</UniqueIdentifier>
      <Extensions>cpp;c;cc;cxx;c++;cppm;ixx;def;odl;idl;hpj;bat;asm;asmx</Extensions>
    </Filter>
    <Filter Include="Header Files">
      <UniqueIdentifier>{93995380-89BD-4b04-88EB-625FBE52EBFB}</UniqueIdentifier>
      <Extensions>h;hh;hpp;hxx;h++;hm;inl;inc;ipp;xsd</Extensions>
    </Filter>
    <Filter Include="Resource Files">
      <UniqueIdentifier>{67DA6AB6-F800-4c08-8B7A-83BB121AAD01}</UniqueIdentifier>
      <Extensions>rc;ico;cur;bmp;dlg;rc2;rct;bin;rgs;gif;jpg;jpeg;jpe;resx;tiff;tif;png;wav;mfcribbon-ms</Extensions>
    </Filter>
  </ItemGroup>
  <ItemGroup>
    <ClCompile Include="src\main.cpp">
      <Filter>Source Files</Filter>
    </ClCompile>
    <ClCompile Include="src\engine\audio\buses.cpp">
      <Filter>Source Files</Filter>
    </ClCompile>
    <ClCompile Include="src\engine\audio\memory.cpp">
      <Filter>Source Files</Filter>
    </ClCompile>
    <ClCompile Include="src\engine\audio\mixer.cpp">
      <Filter>Source Files</Filter>
    </ClCompile>
    <ClCompile Include="src\logging\logger.cpp">
      <Filter>Source Files</Filter>
    </ClCompile>
    <ClCompile Include="src\structures\game\mapset\metadata.cpp">
      <Filter>Source Files</Filter>
    </ClCompile>
    <ClCompile Include="src\structures\game\mapset\hitsound.cpp">
      <Filter>Source Files</Filter>
    </ClCompile>
    <ClCompile Include="src\structures\game\mapset\hitobject.cpp">
      <Filter>Source Files</Filter>
    </ClCompile>
    <ClCompile Include="src\engine\render\texture.cpp">
      <Filter>Source Files</Filter>
    </ClCompile>
    <ClCompile Include="src\engine\render\layer.cpp">
      <Filter>Source Files</Filter>
    </ClCompile>
    <ClCompile Include="src\structures\game\mapset\timing.cpp">
      <Filter>Source Files</Filter>
    </ClCompile>
    <ClCompile Include="src\engine\render\object.cpp">
      <Filter>Source Files</Filter>
    </ClCompile>
    <ClCompile Include="src\structures\game\mapset.cpp">
      <Filter>Source Files</Filter>
    </ClCompile>
    <ClCompile Include="src\format\skin.cpp">
      <Filter>Source Files</Filter>
    </ClCompile>
    <ClCompile Include="src\structures\screen\gameplay\cursor.cpp">
      <Filter>Source Files</Filter>
    </ClCompile>
    <ClCompile Include="src\structures\screen\gameplay\mapset.cpp">
      <Filter>Source Files</Filter>
    </ClCompile>
    <ClCompile Include="src\structures\screen\gameplay.cpp">
      <Filter>Source Files</Filter>
    </ClCompile>
    <ClCompile Include="src\engine\events\timing\time.cpp">
      <Filter>Source Files</Filter>
    </ClCompile>
    <ClCompile Include="src\engine\events\action\render.cpp">
      <Filter>Source Files</Filter>
    </ClCompile>
    <ClCompile Include="src\engine\events\action.cpp">
      <Filter>Source Files</Filter>
    </ClCompile>
    <ClCompile Include="dependencies\easing\src\easing.cpp">
      <Filter>Source Files</Filter>
    </ClCompile>
    <ClCompile Include="src\structures\events\condition\internal\gameplay.cpp">
      <Filter>Source Files</Filter>
    </ClCompile>
    <ClCompile Include="src\structures\screen\gameplay\health.cpp">
      <Filter>Source Files</Filter>
    </ClCompile>
    <ClCompile Include="src\structures\screen\gameplay\score.cpp">
      <Filter>Source Files</Filter>
    </ClCompile>
    <ClCompile Include="src\structures\screen\gameplay\keystroke.cpp">
      <Filter>Source Files</Filter>
    </ClCompile>
    <ClCompile Include="src\structures\events\event\internal\gameplay.cpp">
      <Filter>Source Files</Filter>
    </ClCompile>
    <ClCompile Include="src\structures\render\layer\storyboard.cpp">
      <Filter>Source Files</Filter>
    </ClCompile>
    <ClCompile Include="src\structures\game\event.cpp">
      <Filter>Source Files</Filter>
    </ClCompile>
    <ClCompile Include="src\utilities.cpp">
      <Filter>Source Files</Filter>
    </ClCompile>
    <ClCompile Include="src\structures\config.cpp">
      <Filter>Source Files</Filter>
    </ClCompile>
    <ClCompile Include="src\config.cpp">
      <Filter>Source Files</Filter>
    </ClCompile>
    <ClCompile Include="src\structures\screen\gameplay\pausing.cpp">
      <Filter>Source Files</Filter>
    </ClCompile>
    <ClCompile Include="src\structures\screen\gameplay\result.cpp">
      <Filter>Source Files</Filter>
    </ClCompile>
    <ClCompile Include="src\core\task\update.cpp">
      <Filter>Source Files</Filter>
    </ClCompile>
    <ClCompile Include="src\core\task\convert\osu\beatmap.cpp">
      <Filter>Source Files</Filter>
    </ClCompile>
    <ClCompile Include="src\core\task\convert\osu\mapset.cpp">
      <Filter>Source Files</Filter>
    </ClCompile>
    <ClCompile Include="src\core\manager.cpp">
      <Filter>Source Files</Filter>
    </ClCompile>
    <ClCompile Include="src\core\task.cpp">
      <Filter>Source Files</Filter>
    </ClCompile>
    <ClCompile Include="src\engine\events\event.cpp">
      <Filter>Source Files</Filter>
    </ClCompile>
    <ClCompile Include="src\engine\render\object\interactive.cpp">
      <Filter>Source Files</Filter>
    </ClCompile>
    <ClCompile Include="src\engine\render\object\animation.cpp">
      <Filter>Source Files</Filter>
    </ClCompile>
    <ClCompile Include="src\engine\render\object\percent.cpp">
      <Filter>Source Files</Filter>
    </ClCompile>
    <ClCompile Include="src\engine\render\object\string.cpp">
      <Filter>Source Files</Filter>
    </ClCompile>
    <ClCompile Include="src\engine\events\action\base.cpp">
      <Filter>Source Files</Filter>
    </ClCompile>
    <ClCompile Include="src\core\type.cpp">
      <Filter>Source Files</Filter>
    </ClCompile>
    <ClCompile Include="src\engine\events\condition.cpp">
      <Filter>Source Files</Filter>
    </ClCompile>
    <ClCompile Include="src\structures\render\object\clickable.cpp">
      <Filter>Source Files</Filter>
    </ClCompile>
    <ClCompile Include="src\engine\screen\screen.cpp">
      <Filter>Source Files</Filter>
    </ClCompile>
    <ClCompile Include="src\engine\events\type.cpp">
      <Filter>Source Files</Filter>
    </ClCompile>
    <ClCompile Include="src\engine\render\config.cpp">
      <Filter>Source Files</Filter>
    </ClCompile>
    <ClCompile Include="src\structures\events\condition\external\pressed.cpp">
      <Filter>Source Files</Filter>
    </ClCompile>
    <ClCompile Include="src\engine\events\action\audio.cpp">
      <Filter>Source Files</Filter>
    </ClCompile>
  </ItemGroup>
  <ItemGroup>
    <ClInclude Include="include\structures\game\mapset\metadata.h">
      <Filter>Header Files</Filter>
    </ClInclude>
    <ClInclude Include="include\logging\exceptions.h">
      <Filter>Header Files</Filter>
    </ClInclude>
    <ClInclude Include="include\engine\audio\mixer.h">
      <Filter>Header Files</Filter>
    </ClInclude>
    <ClInclude Include="include\engine\audio\buses.h">
      <Filter>Header Files</Filter>
    </ClInclude>
    <ClInclude Include="include\engine\audio\memory.h">
      <Filter>Header Files</Filter>
    </ClInclude>
    <ClInclude Include="include\structures\game\mapset\hitsound.h">
      <Filter>Source Files</Filter>
    </ClInclude>
    <ClInclude Include="include\structures\game\mapset\hitobject.h">
      <Filter>Source Files</Filter>
    </ClInclude>
    <ClInclude Include="include\logging\logger.h">
      <Filter>Source Files</Filter>
    </ClInclude>
    <ClInclude Include="include\main.h">
      <Filter>Header Files</Filter>
    </ClInclude>
    <ClInclude Include="include\engine\render\texture.h">
      <Filter>Header Files</Filter>
    </ClInclude>
    <ClInclude Include="include\engine\render\layer.h">
      <Filter>Header Files</Filter>
    </ClInclude>
    <ClInclude Include="include\structures\game\mapset\timing.h">
      <Filter>Header Files</Filter>
    </ClInclude>
    <ClInclude Include="include\engine\render\object.h">
      <Filter>Header Files</Filter>
    </ClInclude>
    <ClInclude Include="include\logging\info.h">
      <Filter>Header Files</Filter>
    </ClInclude>
    <ClInclude Include="include\config.h">
      <Filter>Header Files</Filter>
    </ClInclude>
    <ClInclude Include="include\structures\game\mapset.h">
      <Filter>Header Files</Filter>
    </ClInclude>
    <ClInclude Include="include\format\file.h">
      <Filter>Header Files</Filter>
    </ClInclude>
    <ClInclude Include="include\format\skin.h">
      <Filter>Header Files</Filter>
    </ClInclude>
    <ClInclude Include="include\structures\screen\gameplay\cursor.h">
      <Filter>Header Files</Filter>
    </ClInclude>
    <ClInclude Include="include\structures\screen\gameplay\mapset.h">
      <Filter>Header Files</Filter>
    </ClInclude>
    <ClInclude Include="include\structures\screen\gameplay.h">
      <Filter>Header Files</Filter>
    </ClInclude>
    <ClInclude Include="include\engine\events\timing\time.h">
      <Filter>Header Files</Filter>
    </ClInclude>
    <ClInclude Include="include\engine\events\action.h">
      <Filter>Header Files</Filter>
    </ClInclude>
    <ClInclude Include="include\structures\events\condition\internal\gameplay.h">
      <Filter>Header Files</Filter>
    </ClInclude>
    <ClInclude Include="include\structures\screen\gameplay\health.h">
      <Filter>Header Files</Filter>
    </ClInclude>
    <ClInclude Include="include\structures\screen\gameplay\score.h">
      <Filter>Header Files</Filter>
    </ClInclude>
    <ClInclude Include="include\structures\screen\gameplay\keystroke.h">
      <Filter>Header Files</Filter>
    </ClInclude>
    <ClInclude Include="include\engine\events\event.h">
      <Filter>Header Files</Filter>
    </ClInclude>
    <ClInclude Include="include\engine\events\condition.h">
      <Filter>Header Files</Filter>
    </ClInclude>
    <ClInclude Include="include\structures\events\event\internal\gameplay.h">
      <Filter>Header Files</Filter>
    </ClInclude>
    <ClInclude Include="include\structures\render\layer\storyboard.h">
      <Filter>Header Files</Filter>
    </ClInclude>
    <ClInclude Include="include\structures\game\event.h">
      <Filter>Header Files</Filter>
    </ClInclude>
    <ClInclude Include="include\structures\config.h">
      <Filter>Header Files</Filter>
    </ClInclude>
    <ClInclude Include="include\structures\screen\gameplay\pausing.h">
      <Filter>Header Files</Filter>
    </ClInclude>
    <ClInclude Include="include\core\task\update.h">
      <Filter>Header Files</Filter>
    </ClInclude>
    <ClInclude Include="include\structures\screen\gameplay\result.h">
      <Filter>Header Files</Filter>
    </ClInclude>
    <ClInclude Include="include\core\task\convert\osu\beatmap.h">
      <Filter>Header Files</Filter>
    </ClInclude>
    <ClInclude Include="include\core\task\convert\osu\mapset.h">
      <Filter>Header Files</Filter>
    </ClInclude>
    <ClInclude Include="include\core\manager.h">
      <Filter>Header Files</Filter>
    </ClInclude>
    <ClInclude Include="include\core\task.h">
      <Filter>Header Files</Filter>
    </ClInclude>
    <ClInclude Include="include\engine\screen\screen.h">
      <Filter>Header Files</Filter>
    </ClInclude>
    <ClInclude Include="include\engine\audio\type.h">
      <Filter>Header Files</Filter>
    </ClInclude>
    <ClInclude Include="include\engine\render\type.h">
      <Filter>Header Files</Filter>
    </ClInclude>
    <ClInclude Include="include\engine\events\type.h">
      <Filter>Header Files</Filter>
    </ClInclude>
    <ClInclude Include="include\engine\render\object\interactive.h">
      <Filter>Header Files</Filter>
    </ClInclude>
    <ClInclude Include="include\engine\structures.h">
      <Filter>Header Files</Filter>
    </ClInclude>
    <ClInclude Include="include\engine\events\timing\easing.h">
      <Filter>Header Files</Filter>
    </ClInclude>
    <ClInclude Include="include\engine\render\object\animation.h">
      <Filter>Header Files</Filter>
    </ClInclude>
    <ClInclude Include="include\engine\render\object\number.h">
      <Filter>Header Files</Filter>
    </ClInclude>
    <ClInclude Include="include\engine\render\object\percent.h">
      <Filter>Header Files</Filter>
    </ClInclude>
    <ClInclude Include="include\engine\render\object\string.h">
      <Filter>Header Files</Filter>
    </ClInclude>
    <ClInclude Include="include\engine\events\action\render.h">
      <Filter>Header Files</Filter>
    </ClInclude>
    <ClInclude Include="include\core\type.h">
      <Filter>Header Files</Filter>
    </ClInclude>
    <ClInclude Include="include\utilities.h">
      <Filter>Header Files</Filter>
    </ClInclude>
    <ClInclude Include="include\engine\events\action\base.h">
      <Filter>Header Files</Filter>
    </ClInclude>
    <ClInclude Include="include\structures\template.h">
      <Filter>Header Files</Filter>
    </ClInclude>
    <ClInclude Include="include\structures\render\object\clickable.h">
      <Filter>Header Files</Filter>
    </ClInclude>
    <ClInclude Include="include\engine\render\config.h">
      <Filter>Header Files</Filter>
    </ClInclude>
    <ClInclude Include="include\structures\events\condition\external\pressed.h">
      <Filter>Header Files</Filter>
    </ClInclude>
    <ClInclude Include="include\engine\events\action\audio.h">
      <Filter>Header Files</Filter>
    </ClInclude>
  </ItemGroup>
</Project>