<?xml version="1.0" encoding="utf-8"?>
<Project ToolsVersion="4.0" xmlns="http://schemas.microsoft.com/developer/msbuild/2003">
  <ItemGroup>
    <Filter Include="Source Files">
      <UniqueIdentifier>{4FC737F1-C7A5-4376-A066-2A32D752A2FF}</UniqueIdentifier>
      <Extensions>cpp;c;cc;cxx;c++;cppm;ixx;def;odl;idl;hpj;bat;asm;asmx</Extensions>
    </Filter>
    <Filter Include="Header Files">
      <UniqueIdentifier>{93995380-89BD-4b04-88EB-625FBE52EBFB}</UniqueIdentifier>
      <Extensions>h;hh;hpp;hxx;h++;hm;inl;inc;ipp;xsd</Extensions>
    </Filter>
    <Filter Include="Resource Files">
      <UniqueIdentifier>{67DA6AB6-F800-4c08-8B7A-83BB121AAD01}</UniqueIdentifier>
      <Extensions>rc;ico;cur;bmp;dlg;rc2;rct;bin;rgs;gif;jpg;jpeg;jpe;resx;tiff;tif;png;wav;mfcribbon-ms</Extensions>
    </Filter>
  </ItemGroup>
  <ItemGroup>
    <ClCompile Include="src\main.cpp">
      <Filter>Source Files</Filter>
    </ClCompile>
    <ClCompile Include="src\structures\audio\buses.cpp">
      <Filter>Source Files</Filter>
    </ClCompile>
    <ClCompile Include="src\structures\audio\memory.cpp">
      <Filter>Source Files</Filter>
    </ClCompile>
    <ClCompile Include="src\structures\audio\mixer.cpp">
      <Filter>Source Files</Filter>
    </ClCompile>
    <ClCompile Include="src\logger\logging.cpp">
      <Filter>Source Files</Filter>
    </ClCompile>
    <ClCompile Include="src\structures\game\metadata.cpp">
      <Filter>Source Files</Filter>
    </ClCompile>
    <ClCompile Include="src\structures\game\hitsound.cpp">
      <Filter>Source Files</Filter>
    </ClCompile>
    <ClCompile Include="src\structures\game\hitobject.cpp">
      <Filter>Source Files</Filter>
    </ClCompile>
    <ClCompile Include="src\structures\render\texture.cpp">
      <Filter>Source Files</Filter>
    </ClCompile>
    <ClCompile Include="src\work\render.cpp">
      <Filter>Source Files</Filter>
    </ClCompile>
    <ClCompile Include="src\structures\render\layer.cpp">
      <Filter>Source Files</Filter>
    </ClCompile>
    <ClCompile Include="src\core.cpp">
      <Filter>Source Files</Filter>
    </ClCompile>
    <ClCompile Include="src\structures\game\timing.cpp">
      <Filter>Source Files</Filter>
    </ClCompile>
    <ClCompile Include="src\structures\render\object.cpp">
      <Filter>Source Files</Filter>
    </ClCompile>
    <ClCompile Include="src\skin.cpp">
      <Filter>Source Files</Filter>
    </ClCompile>
    <ClCompile Include="src\parser\osu\beatmap.cpp">
      <Filter>Source Files</Filter>
    </ClCompile>
    <ClCompile Include="src\parser\tfir\beatmap.cpp">
      <Filter>Source Files</Filter>
    </ClCompile>
    <ClCompile Include="src\format\skin.cpp">
      <Filter>Source Files</Filter>
    </ClCompile>
    <ClCompile Include="src\structures\render\cursor\cursor.cpp">
      <Filter>Source Files</Filter>
    </ClCompile>
    <ClCompile Include="src\structures\render\playground\mapset.cpp">
      <Filter>Source Files</Filter>
    </ClCompile>
    <ClCompile Include="src\structures\render\collection.cpp">
      <Filter>Source Files</Filter>
    </ClCompile>
    <ClCompile Include="src\structures\screens\screen.cpp">
      <Filter>Source Files</Filter>
    </ClCompile>
  </ItemGroup>
  <ItemGroup>
    <ClInclude Include="include\structures\game\metadata.h">
      <Filter>Header Files</Filter>
    </ClInclude>
    <ClInclude Include="include\logger\exceptions.h">
      <Filter>Header Files</Filter>
    </ClInclude>
    <ClInclude Include="include\structures\audio\mixer.h">
      <Filter>Header Files</Filter>
    </ClInclude>
    <ClInclude Include="include\structures\audio\buses.h">
      <Filter>Header Files</Filter>
    </ClInclude>
    <ClInclude Include="include\structures\audio\memory.h">
      <Filter>Header Files</Filter>
    </ClInclude>
    <ClInclude Include="include\structures\game\hitsound.h">
      <Filter>Source Files</Filter>
    </ClInclude>
    <ClInclude Include="include\structures\game\hitobject.h">
      <Filter>Source Files</Filter>
    </ClInclude>
    <ClInclude Include="include\logger\logging.h">
      <Filter>Source Files</Filter>
    </ClInclude>
    <ClInclude Include="include\main.h">
      <Filter>Header Files</Filter>
    </ClInclude>
    <ClInclude Include="include\structures\render\texture.h">
      <Filter>Header Files</Filter>
    </ClInclude>
    <ClInclude Include="include\work\render.h">
      <Filter>Header Files</Filter>
    </ClInclude>
    <ClInclude Include="include\structures\render\layer.h">
      <Filter>Header Files</Filter>
    </ClInclude>
    <ClInclude Include="include\core.h">
      <Filter>Header Files</Filter>
    </ClInclude>
    <ClInclude Include="include\structures\game\cursor.h">
      <Filter>Header Files</Filter>
    </ClInclude>
    <ClInclude Include="include\structures\game\timing.h">
      <Filter>Header Files</Filter>
    </ClInclude>
    <ClInclude Include="include\template.h">
      <Filter>Header Files</Filter>
    </ClInclude>
    <ClInclude Include="include\structures\render\object.h">
      <Filter>Header Files</Filter>
    </ClInclude>
    <ClInclude Include="include\skin.h">
      <Filter>Header Files</Filter>
    </ClInclude>
    <ClInclude Include="include\logger\info.h">
      <Filter>Header Files</Filter>
    </ClInclude>
    <ClInclude Include="include\config.h">
      <Filter>Header Files</Filter>
    </ClInclude>
    <ClInclude Include="include\parser\osu\beatmap.h">
      <Filter>Header Files</Filter>
    </ClInclude>
    <ClInclude Include="include\parser\tfir\beatmap.h">
      <Filter>Header Files</Filter>
    </ClInclude>
    <ClInclude Include="include\format\file.h">
      <Filter>Header Files</Filter>
    </ClInclude>
    <ClInclude Include="include\format\skin.h">
      <Filter>Header Files</Filter>
    </ClInclude>
    <ClInclude Include="include\structures\render\cursor\cursor.h">
      <Filter>Header Files</Filter>
    </ClInclude>
    <ClInclude Include="include\structures\render\playground\mapset.h">
      <Filter>Header Files</Filter>
    </ClInclude>
    <ClInclude Include="include\utilities.h">
      <Filter>Header Files</Filter>
    </ClInclude>
    <ClInclude Include="include\structures\screens\screen.h">
      <Filter>Header Files</Filter>
    </ClInclude>
    <ClInclude Include="include\structures\render\collection.h">
      <Filter>Header Files</Filter>
    </ClInclude>
  </ItemGroup>
</Project>